
Microsoft Visual Studio Solution File, Format Version 12.00
Project("{FAE04EC0-301F-11D3-BF4B-00C04F79EFBC}") = "Vakor.DataBase.Lib", "Vakor.DataBase.Lib\Vakor.DataBase.Lib.csproj", "{E62FC9BD-C175-45E6-AE9B-100F876B856E}"
EndProject
Project("{FAE04EC0-301F-11D3-BF4B-00C04F79EFBC}") = "Vakor.DataBase.ConsoleApp", "Vakor.DataBase.ConsoleApp\Vakor.DataBase.ConsoleApp.csproj", "{4F3BFE7C-9B1F-4456-ACB0-09337A7DAF48}"
EndProject
Global
	GlobalSection(SolutionConfigurationPlatforms) = preSolution
		Debug|Any CPU = Debug|Any CPU
		Release|Any CPU = Release|Any CPU
	EndGlobalSection
	GlobalSection(ProjectConfigurationPlatforms) = postSolution
		{E62FC9BD-C175-45E6-AE9B-100F876B856E}.Debug|Any CPU.ActiveCfg = Debug|Any CPU
		{E62FC9BD-C175-45E6-AE9B-100F876B856E}.Debug|Any CPU.Build.0 = Debug|Any CPU
		{E62FC9BD-C175-45E6-AE9B-100F876B856E}.Release|Any CPU.ActiveCfg = Release|Any CPU
		{E62FC9BD-C175-45E6-AE9B-100F876B856E}.Release|Any CPU.Build.0 = Release|Any CPU
		{4F3BFE7C-9B1F-4456-ACB0-09337A7DAF48}.Debug|Any CPU.ActiveCfg = Debug|Any CPU
		{4F3BFE7C-9B1F-4456-ACB0-09337A7DAF48}.Debug|Any CPU.Build.0 = Debug|Any CPU
		{4F3BFE7C-9B1F-4456-ACB0-09337A7DAF48}.Release|Any CPU.ActiveCfg = Release|Any CPU
		{4F3BFE7C-9B1F-4456-ACB0-09337A7DAF48}.Release|Any CPU.Build.0 = Release|Any CPU
	EndGlobalSection
EndGlobal
